
Microsoft Visual Studio Solution File, Format Version 12.00
# Visual Studio Version 17
VisualStudioVersion = 17.0.31903.59
MinimumVisualStudioVersion = 10.0.40219.1
Project("{2150E333-8FDC-42A3-9474-1A3956D46DE8}") = "src", "src", "{827E0CD3-B72D-47B6-A68D-7590B98EB39B}"
EndProject
Project("{FAE04EC0-301F-11D3-BF4B-00C04F79EFBC}") = "SentinelaOps.Domain", "src\SentinelaOps.Domain\SentinelaOps.Domain.csproj", "{0A86E727-0F68-4EE2-AD03-19BC2B34DB03}"
EndProject
Project("{FAE04EC0-301F-11D3-BF4B-00C04F79EFBC}") = "SentinelaOps.Application", "src\SentinelaOps.Application\SentinelaOps.Application.csproj", "{6B30E20A-1594-4F65-A037-AF02537B5FB9}"
EndProject
Project("{FAE04EC0-301F-11D3-BF4B-00C04F79EFBC}") = "SentinelaOps.Infrastructure", "src\SentinelaOps.Infrastructure\SentinelaOps.Infrastructure.csproj", "{D74E1D71-CEFD-4B4E-A4E1-860519502838}"
EndProject
Project("{FAE04EC0-301F-11D3-BF4B-00C04F79EFBC}") = "SentinelaOps.Api", "src\SentinelaOps.Api\SentinelaOps.Api.csproj", "{F5D5EDA2-21E9-4466-9A93-885A5B174BB8}"
EndProject
Project("{FAE04EC0-301F-11D3-BF4B-00C04F79EFBC}") = "SentinelaOps.Worker", "src\SentinelaOps.Worker\SentinelaOps.Worker.csproj", "{6D24E087-14CD-4761-B212-D0CFC508C66E}"
EndProject
Project("{FAE04EC0-301F-11D3-BF4B-00C04F79EFBC}") = "SentinelaOps.Harness", "src\SentinelaOps.Harness\SentinelaOps.Harness.csproj", "{A92B804D-F116-413E-A88A-109839B1FDAA}"
EndProject
Project("{FAE04EC0-301F-11D3-BF4B-00C04F79EFBC}") = "SentinelaOps.Skills.Abstractions", "src\SentinelaOps.Skills.Abstractions\SentinelaOps.Skills.Abstractions.csproj", "{EABF1CBE-A211-4428-B535-F81B7431D7F7}"
EndProject
Project("{FAE04EC0-301F-11D3-BF4B-00C04F79EFBC}") = "SentinelaOps.Skills.Perimeter", "src\SentinelaOps.Skills.Perimeter\SentinelaOps.Skills.Perimeter.csproj", "{CB5149B8-FD82-4AF0-A8FD-2187C7926248}"
EndProject
Project("{FAE04EC0-301F-11D3-BF4B-00C04F79EFBC}") = "SentinelaOps.Skills.Intrusion", "src\SentinelaOps.Skills.Intrusion\SentinelaOps.Skills.Intrusion.csproj", "{FB669303-085B-4B56-954A-4EC0A665AFB3}"
EndProject
Project("{FAE04EC0-301F-11D3-BF4B-00C04F79EFBC}") = "SentinelaOps.Skills.FalsePositive", "src\SentinelaOps.Skills.FalsePositive\SentinelaOps.Skills.FalsePositive.csproj", "{F4D55358-F819-43A5-919E-0630AF71F38A}"
EndProject
Project("{FAE04EC0-301F-11D3-BF4B-00C04F79EFBC}") = "SentinelaOps.Skills.Severity", "src\SentinelaOps.Skills.Severity\SentinelaOps.Skills.Severity.csproj", "{9F5D1D5D-2262-4468-AFA7-8674997EF8B8}"
EndProject
Project("{FAE04EC0-301F-11D3-BF4B-00C04F79EFBC}") = "SentinelaOps.Skills.Summary", "src\SentinelaOps.Skills.Summary\SentinelaOps.Skills.Summary.csproj", "{284421FB-75E0-4437-83F2-F0E643015D3B}"
EndProject
Project("{2150E333-8FDC-42A3-9474-1A3956D46DE8}") = "tests", "tests", "{0AB3BF05-4346-4AA6-1389-037BE0695223}"
EndProject
Project("{FAE04EC0-301F-11D3-BF4B-00C04F79EFBC}") = "SentinelaOps.Domain.Tests", "tests\SentinelaOps.Domain.Tests\SentinelaOps.Domain.Tests.csproj", "{76A3863B-AB24-4B63-8A27-FFF1CE8B8B55}"
EndProject
Project("{FAE04EC0-301F-11D3-BF4B-00C04F79EFBC}") = "SentinelaOps.Application.Tests", "tests\SentinelaOps.Application.Tests\SentinelaOps.Application.Tests.csproj", "{9325FE2A-1FC9-4DDA-8736-6A0972BD9C8B}"
EndProject
Project("{FAE04EC0-301F-11D3-BF4B-00C04F79EFBC}") = "SentinelaOps.Infrastructure.Tests", "tests\SentinelaOps.Infrastructure.Tests\SentinelaOps.Infrastructure.Tests.csproj", "{82D8BDBA-88DD-4BC1-ABB9-C0586FDD793C}"
EndProject
Project("{FAE04EC0-301F-11D3-BF4B-00C04F79EFBC}") = "SentinelaOps.Api.Tests", "tests\SentinelaOps.Api.Tests\SentinelaOps.Api.Tests.csproj", "{36C9CF3C-A19E-4A97-9A3F-7DB5C09899E4}"
EndProject
Project("{FAE04EC0-301F-11D3-BF4B-00C04F79EFBC}") = "SentinelaOps.Architecture.Tests", "tests\SentinelaOps.Architecture.Tests\SentinelaOps.Architecture.Tests.csproj", "{5FC16BA4-4B0E-4C8D-9610-4BA5877D1ADA}"
EndProject
Project("{FAE04EC0-301F-11D3-BF4B-00C04F79EFBC}") = "SentinelaOps.EndToEnd.Tests", "tests\SentinelaOps.EndToEnd.Tests\SentinelaOps.EndToEnd.Tests.csproj", "{AF37D8D6-8FA8-4492-86F2-8A9B5E05B46B}"
EndProject
Global
	GlobalSection(SolutionConfigurationPlatforms) = preSolution
		Debug|Any CPU = Debug|Any CPU
		Debug|x64 = Debug|x64
		Debug|x86 = Debug|x86
		Release|Any CPU = Release|Any CPU
		Release|x64 = Release|x64
		Release|x86 = Release|x86
	EndGlobalSection
	GlobalSection(ProjectConfigurationPlatforms) = postSolution
		{0A86E727-0F68-4EE2-AD03-19BC2B34DB03}.Debug|Any CPU.ActiveCfg = Debug|Any CPU
		{0A86E727-0F68-4EE2-AD03-19BC2B34DB03}.Debug|Any CPU.Build.0 = Debug|Any CPU
		{0A86E727-0F68-4EE2-AD03-19BC2B34DB03}.Debug|x64.ActiveCfg = Debug|Any CPU
		{0A86E727-0F68-4EE2-AD03-19BC2B34DB03}.Debug|x64.Build.0 = Debug|Any CPU
		{0A86E727-0F68-4EE2-AD03-19BC2B34DB03}.Debug|x86.ActiveCfg = Debug|Any CPU
		{0A86E727-0F68-4EE2-AD03-19BC2B34DB03}.Debug|x86.Build.0 = Debug|Any CPU
		{0A86E727-0F68-4EE2-AD03-19BC2B34DB03}.Release|Any CPU.ActiveCfg = Release|Any CPU
		{0A86E727-0F68-4EE2-AD03-19BC2B34DB03}.Release|Any CPU.Build.0 = Release|Any CPU
		{0A86E727-0F68-4EE2-AD03-19BC2B34DB03}.Release|x64.ActiveCfg = Release|Any CPU
		{0A86E727-0F68-4EE2-AD03-19BC2B34DB03}.Release|x64.Build.0 = Release|Any CPU
		{0A86E727-0F68-4EE2-AD03-19BC2B34DB03}.Release|x86.ActiveCfg = Release|Any CPU
		{0A86E727-0F68-4EE2-AD03-19BC2B34DB03}.Release|x86.Build.0 = Release|Any CPU
		{6B30E20A-1594-4F65-A037-AF02537B5FB9}.Debug|Any CPU.ActiveCfg = Debug|Any CPU
		{6B30E20A-1594-4F65-A037-AF02537B5FB9}.Debug|Any CPU.Build.0 = Debug|Any CPU
		{6B30E20A-1594-4F65-A037-AF02537B5FB9}.Debug|x64.ActiveCfg = Debug|Any CPU
		{6B30E20A-1594-4F65-A037-AF02537B5FB9}.Debug|x64.Build.0 = Debug|Any CPU
		{6B30E20A-1594-4F65-A037-AF02537B5FB9}.Debug|x86.ActiveCfg = Debug|Any CPU
		{6B30E20A-1594-4F65-A037-AF02537B5FB9}.Debug|x86.Build.0 = Debug|Any CPU
		{6B30E20A-1594-4F65-A037-AF02537B5FB9}.Release|Any CPU.ActiveCfg = Release|Any CPU
		{6B30E20A-1594-4F65-A037-AF02537B5FB9}.Release|Any CPU.Build.0 = Release|Any CPU
		{6B30E20A-1594-4F65-A037-AF02537B5FB9}.Release|x64.ActiveCfg = Release|Any CPU
		{6B30E20A-1594-4F65-A037-AF02537B5FB9}.Release|x64.Build.0 = Release|Any CPU
		{6B30E20A-1594-4F65-A037-AF02537B5FB9}.Release|x86.ActiveCfg = Release|Any CPU
		{6B30E20A-1594-4F65-A037-AF02537B5FB9}.Release|x86.Build.0 = Release|Any CPU
		{D74E1D71-CEFD-4B4E-A4E1-860519502838}.Debug|Any CPU.ActiveCfg = Debug|Any CPU
		{D74E1D71-CEFD-4B4E-A4E1-860519502838}.Debug|Any CPU.Build.0 = Debug|Any CPU
		{D74E1D71-CEFD-4B4E-A4E1-860519502838}.Debug|x64.ActiveCfg = Debug|Any CPU
		{D74E1D71-CEFD-4B4E-A4E1-860519502838}.Debug|x64.Build.0 = Debug|Any CPU
		{D74E1D71-CEFD-4B4E-A4E1-860519502838}.Debug|x86.ActiveCfg = Debug|Any CPU
		{D74E1D71-CEFD-4B4E-A4E1-860519502838}.Debug|x86.Build.0 = Debug|Any CPU
		{D74E1D71-CEFD-4B4E-A4E1-860519502838}.Release|Any CPU.ActiveCfg = Release|Any CPU
		{D74E1D71-CEFD-4B4E-A4E1-860519502838}.Release|Any CPU.Build.0 = Release|Any CPU
		{D74E1D71-CEFD-4B4E-A4E1-860519502838}.Release|x64.ActiveCfg = Release|Any CPU
		{D74E1D71-CEFD-4B4E-A4E1-860519502838}.Release|x64.Build.0 = Release|Any CPU
		{D74E1D71-CEFD-4B4E-A4E1-860519502838}.Release|x86.ActiveCfg = Release|Any CPU
		{D74E1D71-CEFD-4B4E-A4E1-860519502838}.Release|x86.Build.0 = Release|Any CPU
		{F5D5EDA2-21E9-4466-9A93-885A5B174BB8}.Debug|Any CPU.ActiveCfg = Debug|Any CPU
		{F5D5EDA2-21E9-4466-9A93-885A5B174BB8}.Debug|Any CPU.Build.0 = Debug|Any CPU
		{F5D5EDA2-21E9-4466-9A93-885A5B174BB8}.Debug|x64.ActiveCfg = Debug|Any CPU
		{F5D5EDA2-21E9-4466-9A93-885A5B174BB8}.Debug|x64.Build.0 = Debug|Any CPU
		{F5D5EDA2-21E9-4466-9A93-885A5B174BB8}.Debug|x86.ActiveCfg = Debug|Any CPU
		{F5D5EDA2-21E9-4466-9A93-885A5B174BB8}.Debug|x86.Build.0 = Debug|Any CPU
		{F5D5EDA2-21E9-4466-9A93-885A5B174BB8}.Release|Any CPU.ActiveCfg = Release|Any CPU
		{F5D5EDA2-21E9-4466-9A93-885A5B174BB8}.Release|Any CPU.Build.0 = Release|Any CPU
		{F5D5EDA2-21E9-4466-9A93-885A5B174BB8}.Release|x64.ActiveCfg = Release|Any CPU
		{F5D5EDA2-21E9-4466-9A93-885A5B174BB8}.Release|x64.Build.0 = Release|Any CPU
		{F5D5EDA2-21E9-4466-9A93-885A5B174BB8}.Release|x86.ActiveCfg = Release|Any CPU
		{F5D5EDA2-21E9-4466-9A93-885A5B174BB8}.Release|x86.Build.0 = Release|Any CPU
		{6D24E087-14CD-4761-B212-D0CFC508C66E}.Debug|Any CPU.ActiveCfg = Debug|Any CPU
		{6D24E087-14CD-4761-B212-D0CFC508C66E}.Debug|Any CPU.Build.0 = Debug|Any CPU
		{6D24E087-14CD-4761-B212-D0CFC508C66E}.Debug|x64.ActiveCfg = Debug|Any CPU
		{6D24E087-14CD-4761-B212-D0CFC508C66E}.Debug|x64.Build.0 = Debug|Any CPU
		{6D24E087-14CD-4761-B212-D0CFC508C66E}.Debug|x86.ActiveCfg = Debug|Any CPU
		{6D24E087-14CD-4761-B212-D0CFC508C66E}.Debug|x86.Build.0 = Debug|Any CPU
		{6D24E087-14CD-4761-B212-D0CFC508C66E}.Release|Any CPU.ActiveCfg = Release|Any CPU
		{6D24E087-14CD-4761-B212-D0CFC508C66E}.Release|Any CPU.Build.0 = Release|Any CPU
		{6D24E087-14CD-4761-B212-D0CFC508C66E}.Release|x64.ActiveCfg = Release|Any CPU
		{6D24E087-14CD-4761-B212-D0CFC508C66E}.Release|x64.Build.0 = Release|Any CPU
		{6D24E087-14CD-4761-B212-D0CFC508C66E}.Release|x86.ActiveCfg = Release|Any CPU
		{6D24E087-14CD-4761-B212-D0CFC508C66E}.Release|x86.Build.0 = Release|Any CPU
		{A92B804D-F116-413E-A88A-109839B1FDAA}.Debug|Any CPU.ActiveCfg = Debug|Any CPU
		{A92B804D-F116-413E-A88A-109839B1FDAA}.Debug|Any CPU.Build.0 = Debug|Any CPU
		{A92B804D-F116-413E-A88A-109839B1FDAA}.Debug|x64.ActiveCfg = Debug|Any CPU
		{A92B804D-F116-413E-A88A-109839B1FDAA}.Debug|x64.Build.0 = Debug|Any CPU
		{A92B804D-F116-413E-A88A-109839B1FDAA}.Debug|x86.ActiveCfg = Debug|Any CPU
		{A92B804D-F116-413E-A88A-109839B1FDAA}.Debug|x86.Build.0 = Debug|Any CPU
		{A92B804D-F116-413E-A88A-109839B1FDAA}.Release|Any CPU.ActiveCfg = Release|Any CPU
		{A92B804D-F116-413E-A88A-109839B1FDAA}.Release|Any CPU.Build.0 = Release|Any CPU
		{A92B804D-F116-413E-A88A-109839B1FDAA}.Release|x64.ActiveCfg = Release|Any CPU
		{A92B804D-F116-413E-A88A-109839B1FDAA}.Release|x64.Build.0 = Release|Any CPU
		{A92B804D-F116-413E-A88A-109839B1FDAA}.Release|x86.ActiveCfg = Release|Any CPU
		{A92B804D-F116-413E-A88A-109839B1FDAA}.Release|x86.Build.0 = Release|Any CPU
		{EABF1CBE-A211-4428-B535-F81B7431D7F7}.Debug|Any CPU.ActiveCfg = Debug|Any CPU
		{EABF1CBE-A211-4428-B535-F81B7431D7F7}.Debug|Any CPU.Build.0 = Debug|Any CPU
		{EABF1CBE-A211-4428-B535-F81B7431D7F7}.Debug|x64.ActiveCfg = Debug|Any CPU
		{EABF1CBE-A211-4428-B535-F81B7431D7F7}.Debug|x64.Build.0 = Debug|Any CPU
		{EABF1CBE-A211-4428-B535-F81B7431D7F7}.Debug|x86.ActiveCfg = Debug|Any CPU
		{EABF1CBE-A211-4428-B535-F81B7431D7F7}.Debug|x86.Build.0 = Debug|Any CPU
		{EABF1CBE-A211-4428-B535-F81B7431D7F7}.Release|Any CPU.ActiveCfg = Release|Any CPU
		{EABF1CBE-A211-4428-B535-F81B7431D7F7}.Release|Any CPU.Build.0 = Release|Any CPU
		{EABF1CBE-A211-4428-B535-F81B7431D7F7}.Release|x64.ActiveCfg = Release|Any CPU
		{EABF1CBE-A211-4428-B535-F81B7431D7F7}.Release|x64.Build.0 = Release|Any CPU
		{EABF1CBE-A211-4428-B535-F81B7431D7F7}.Release|x86.ActiveCfg = Release|Any CPU
		{EABF1CBE-A211-4428-B535-F81B7431D7F7}.Release|x86.Build.0 = Release|Any CPU
		{CB5149B8-FD82-4AF0-A8FD-2187C7926248}.Debug|Any CPU.ActiveCfg = Debug|Any CPU
		{CB5149B8-FD82-4AF0-A8FD-2187C7926248}.Debug|Any CPU.Build.0 = Debug|Any CPU
		{CB5149B8-FD82-4AF0-A8FD-2187C7926248}.Debug|x64.ActiveCfg = Debug|Any CPU
		{CB5149B8-FD82-4AF0-A8FD-2187C7926248}.Debug|x64.Build.0 = Debug|Any CPU
		{CB5149B8-FD82-4AF0-A8FD-2187C7926248}.Debug|x86.ActiveCfg = Debug|Any CPU
		{CB5149B8-FD82-4AF0-A8FD-2187C7926248}.Debug|x86.Build.0 = Debug|Any CPU
		{CB5149B8-FD82-4AF0-A8FD-2187C7926248}.Release|Any CPU.ActiveCfg = Release|Any CPU
		{CB5149B8-FD82-4AF0-A8FD-2187C7926248}.Release|Any CPU.Build.0 = Release|Any CPU
		{CB5149B8-FD82-4AF0-A8FD-2187C7926248}.Release|x64.ActiveCfg = Release|Any CPU
		{CB5149B8-FD82-4AF0-A8FD-2187C7926248}.Release|x64.Build.0 = Release|Any CPU
		{CB5149B8-FD82-4AF0-A8FD-2187C7926248}.Release|x86.ActiveCfg = Release|Any CPU
		{CB5149B8-FD82-4AF0-A8FD-2187C7926248}.Release|x86.Build.0 = Release|Any CPU
		{FB669303-085B-4B56-954A-4EC0A665AFB3}.Debug|Any CPU.ActiveCfg = Debug|Any CPU
		{FB669303-085B-4B56-954A-4EC0A665AFB3}.Debug|Any CPU.Build.0 = Debug|Any CPU
		{FB669303-085B-4B56-954A-4EC0A665AFB3}.Debug|x64.ActiveCfg = Debug|Any CPU
		{FB669303-085B-4B56-954A-4EC0A665AFB3}.Debug|x64.Build.0 = Debug|Any CPU
		{FB669303-085B-4B56-954A-4EC0A665AFB3}.Debug|x86.ActiveCfg = Debug|Any CPU
		{FB669303-085B-4B56-954A-4EC0A665AFB3}.Debug|x86.Build.0 = Debug|Any CPU
		{FB669303-085B-4B56-954A-4EC0A665AFB3}.Release|Any CPU.ActiveCfg = Release|Any CPU
		{FB669303-085B-4B56-954A-4EC0A665AFB3}.Release|Any CPU.Build.0 = Release|Any CPU
		{FB669303-085B-4B56-954A-4EC0A665AFB3}.Release|x64.ActiveCfg = Release|Any CPU
		{FB669303-085B-4B56-954A-4EC0A665AFB3}.Release|x64.Build.0 = Release|Any CPU
		{FB669303-085B-4B56-954A-4EC0A665AFB3}.Release|x86.ActiveCfg = Release|Any CPU
		{FB669303-085B-4B56-954A-4EC0A665AFB3}.Release|x86.Build.0 = Release|Any CPU
		{F4D55358-F819-43A5-919E-0630AF71F38A}.Debug|Any CPU.ActiveCfg = Debug|Any CPU
		{F4D55358-F819-43A5-919E-0630AF71F38A}.Debug|Any CPU.Build.0 = Debug|Any CPU
		{F4D55358-F819-43A5-919E-0630AF71F38A}.Debug|x64.ActiveCfg = Debug|Any CPU
		{F4D55358-F819-43A5-919E-0630AF71F38A}.Debug|x64.Build.0 = Debug|Any CPU
		{F4D55358-F819-43A5-919E-0630AF71F38A}.Debug|x86.ActiveCfg = Debug|Any CPU
		{F4D55358-F819-43A5-919E-0630AF71F38A}.Debug|x86.Build.0 = Debug|Any CPU
		{F4D55358-F819-43A5-919E-0630AF71F38A}.Release|Any CPU.ActiveCfg = Release|Any CPU
		{F4D55358-F819-43A5-919E-0630AF71F38A}.Release|Any CPU.Build.0 = Release|Any CPU
		{F4D55358-F819-43A5-919E-0630AF71F38A}.Release|x64.ActiveCfg = Release|Any CPU
		{F4D55358-F819-43A5-919E-0630AF71F38A}.Release|x64.Build.0 = Release|Any CPU
		{F4D55358-F819-43A5-919E-0630AF71F38A}.Release|x86.ActiveCfg = Release|Any CPU
		{F4D55358-F819-43A5-919E-0630AF71F38A}.Release|x86.Build.0 = Release|Any CPU
		{9F5D1D5D-2262-4468-AFA7-8674997EF8B8}.Debug|Any CPU.ActiveCfg = Debug|Any CPU
		{9F5D1D5D-2262-4468-AFA7-8674997EF8B8}.Debug|Any CPU.Build.0 = Debug|Any CPU
		{9F5D1D5D-2262-4468-AFA7-8674997EF8B8}.Debug|x64.ActiveCfg = Debug|Any CPU
		{9F5D1D5D-2262-4468-AFA7-8674997EF8B8}.Debug|x64.Build.0 = Debug|Any CPU
		{9F5D1D5D-2262-4468-AFA7-8674997EF8B8}.Debug|x86.ActiveCfg = Debug|Any CPU
		{9F5D1D5D-2262-4468-AFA7-8674997EF8B8}.Debug|x86.Build.0 = Debug|Any CPU
		{9F5D1D5D-2262-4468-AFA7-8674997EF8B8}.Release|Any CPU.ActiveCfg = Release|Any CPU
		{9F5D1D5D-2262-4468-AFA7-8674997EF8B8}.Release|Any CPU.Build.0 = Release|Any CPU
		{9F5D1D5D-2262-4468-AFA7-8674997EF8B8}.Release|x64.ActiveCfg = Release|Any CPU
		{9F5D1D5D-2262-4468-AFA7-8674997EF8B8}.Release|x64.Build.0 = Release|Any CPU
		{9F5D1D5D-2262-4468-AFA7-8674997EF8B8}.Release|x86.ActiveCfg = Release|Any CPU
		{9F5D1D5D-2262-4468-AFA7-8674997EF8B8}.Release|x86.Build.0 = Release|Any CPU
		{284421FB-75E0-4437-83F2-F0E643015D3B}.Debug|Any CPU.ActiveCfg = Debug|Any CPU
		{284421FB-75E0-4437-83F2-F0E643015D3B}.Debug|Any CPU.Build.0 = Debug|Any CPU
		{284421FB-75E0-4437-83F2-F0E643015D3B}.Debug|x64.ActiveCfg = Debug|Any CPU
		{284421FB-75E0-4437-83F2-F0E643015D3B}.Debug|x64.Build.0 = Debug|Any CPU
		{284421FB-75E0-4437-83F2-F0E643015D3B}.Debug|x86.ActiveCfg = Debug|Any CPU
		{284421FB-75E0-4437-83F2-F0E643015D3B}.Debug|x86.Build.0 = Debug|Any CPU
		{284421FB-75E0-4437-83F2-F0E643015D3B}.Release|Any CPU.ActiveCfg = Release|Any CPU
		{284421FB-75E0-4437-83F2-F0E643015D3B}.Release|Any CPU.Build.0 = Release|Any CPU
		{284421FB-75E0-4437-83F2-F0E643015D3B}.Release|x64.ActiveCfg = Release|Any CPU
		{284421FB-75E0-4437-83F2-F0E643015D3B}.Release|x64.Build.0 = Release|Any CPU
		{284421FB-75E0-4437-83F2-F0E643015D3B}.Release|x86.ActiveCfg = Release|Any CPU
		{284421FB-75E0-4437-83F2-F0E643015D3B}.Release|x86.Build.0 = Release|Any CPU
		{76A3863B-AB24-4B63-8A27-FFF1CE8B8B55}.Debug|Any CPU.ActiveCfg = Debug|Any CPU
		{76A3863B-AB24-4B63-8A27-FFF1CE8B8B55}.Debug|Any CPU.Build.0 = Debug|Any CPU
		{76A3863B-AB24-4B63-8A27-FFF1CE8B8B55}.Debug|x64.ActiveCfg = Debug|Any CPU
		{76A3863B-AB24-4B63-8A27-FFF1CE8B8B55}.Debug|x64.Build.0 = Debug|Any CPU
		{76A3863B-AB24-4B63-8A27-FFF1CE8B8B55}.Debug|x86.ActiveCfg = Debug|Any CPU
		{76A3863B-AB24-4B63-8A27-FFF1CE8B8B55}.Debug|x86.Build.0 = Debug|Any CPU
		{76A3863B-AB24-4B63-8A27-FFF1CE8B8B55}.Release|Any CPU.ActiveCfg = Release|Any CPU
		{76A3863B-AB24-4B63-8A27-FFF1CE8B8B55}.Release|Any CPU.Build.0 = Release|Any CPU
		{76A3863B-AB24-4B63-8A27-FFF1CE8B8B55}.Release|x64.ActiveCfg = Release|Any CPU
		{76A3863B-AB24-4B63-8A27-FFF1CE8B8B55}.Release|x64.Build.0 = Release|Any CPU
		{76A3863B-AB24-4B63-8A27-FFF1CE8B8B55}.Release|x86.ActiveCfg = Release|Any CPU
		{76A3863B-AB24-4B63-8A27-FFF1CE8B8B55}.Release|x86.Build.0 = Release|Any CPU
		{9325FE2A-1FC9-4DDA-8736-6A0972BD9C8B}.Debug|Any CPU.ActiveCfg = Debug|Any CPU
		{9325FE2A-1FC9-4DDA-8736-6A0972BD9C8B}.Debug|Any CPU.Build.0 = Debug|Any CPU
		{9325FE2A-1FC9-4DDA-8736-6A0972BD9C8B}.Debug|x64.ActiveCfg = Debug|Any CPU
		{9325FE2A-1FC9-4DDA-8736-6A0972BD9C8B}.Debug|x64.Build.0 = Debug|Any CPU
		{9325FE2A-1FC9-4DDA-8736-6A0972BD9C8B}.Debug|x86.ActiveCfg = Debug|Any CPU
		{9325FE2A-1FC9-4DDA-8736-6A0972BD9C8B}.Debug|x86.Build.0 = Debug|Any CPU
		{9325FE2A-1FC9-4DDA-8736-6A0972BD9C8B}.Release|Any CPU.ActiveCfg = Release|Any CPU
		{9325FE2A-1FC9-4DDA-8736-6A0972BD9C8B}.Release|Any CPU.Build.0 = Release|Any CPU
		{9325FE2A-1FC9-4DDA-8736-6A0972BD9C8B}.Release|x64.ActiveCfg = Release|Any CPU
		{9325FE2A-1FC9-4DDA-8736-6A0972BD9C8B}.Release|x64.Build.0 = Release|Any CPU
		{9325FE2A-1FC9-4DDA-8736-6A0972BD9C8B}.Release|x86.ActiveCfg = Release|Any CPU
		{9325FE2A-1FC9-4DDA-8736-6A0972BD9C8B}.Release|x86.Build.0 = Release|Any CPU
		{82D8BDBA-88DD-4BC1-ABB9-C0586FDD793C}.Debug|Any CPU.ActiveCfg = Debug|Any CPU
		{82D8BDBA-88DD-4BC1-ABB9-C0586FDD793C}.Debug|Any CPU.Build.0 = Debug|Any CPU
		{82D8BDBA-88DD-4BC1-ABB9-C0586FDD793C}.Debug|x64.ActiveCfg = Debug|Any CPU
		{82D8BDBA-88DD-4BC1-ABB9-C0586FDD793C}.Debug|x64.Build.0 = Debug|Any CPU
		{82D8BDBA-88DD-4BC1-ABB9-C0586FDD793C}.Debug|x86.ActiveCfg = Debug|Any CPU
		{82D8BDBA-88DD-4BC1-ABB9-C0586FDD793C}.Debug|x86.Build.0 = Debug|Any CPU
		{82D8BDBA-88DD-4BC1-ABB9-C0586FDD793C}.Release|Any CPU.ActiveCfg = Release|Any CPU
		{82D8BDBA-88DD-4BC1-ABB9-C0586FDD793C}.Release|Any CPU.Build.0 = Release|Any CPU
		{82D8BDBA-88DD-4BC1-ABB9-C0586FDD793C}.Release|x64.ActiveCfg = Release|Any CPU
		{82D8BDBA-88DD-4BC1-ABB9-C0586FDD793C}.Release|x64.Build.0 = Release|Any CPU
		{82D8BDBA-88DD-4BC1-ABB9-C0586FDD793C}.Release|x86.ActiveCfg = Release|Any CPU
		{82D8BDBA-88DD-4BC1-ABB9-C0586FDD793C}.Release|x86.Build.0 = Release|Any CPU
		{36C9CF3C-A19E-4A97-9A3F-7DB5C09899E4}.Debug|Any CPU.ActiveCfg = Debug|Any CPU
		{36C9CF3C-A19E-4A97-9A3F-7DB5C09899E4}.Debug|Any CPU.Build.0 = Debug|Any CPU
		{36C9CF3C-A19E-4A97-9A3F-7DB5C09899E4}.Debug|x64.ActiveCfg = Debug|Any CPU
		{36C9CF3C-A19E-4A97-9A3F-7DB5C09899E4}.Debug|x64.Build.0 = Debug|Any CPU
		{36C9CF3C-A19E-4A97-9A3F-7DB5C09899E4}.Debug|x86.ActiveCfg = Debug|Any CPU
		{36C9CF3C-A19E-4A97-9A3F-7DB5C09899E4}.Debug|x86.Build.0 = Debug|Any CPU
		{36C9CF3C-A19E-4A97-9A3F-7DB5C09899E4}.Release|Any CPU.ActiveCfg = Release|Any CPU
		{36C9CF3C-A19E-4A97-9A3F-7DB5C09899E4}.Release|Any CPU.Build.0 = Release|Any CPU
		{36C9CF3C-A19E-4A97-9A3F-7DB5C09899E4}.Release|x64.ActiveCfg = Release|Any CPU
		{36C9CF3C-A19E-4A97-9A3F-7DB5C09899E4}.Release|x64.Build.0 = Release|Any CPU
		{36C9CF3C-A19E-4A97-9A3F-7DB5C09899E4}.Release|x86.ActiveCfg = Release|Any CPU
		{36C9CF3C-A19E-4A97-9A3F-7DB5C09899E4}.Release|x86.Build.0 = Release|Any CPU
		{5FC16BA4-4B0E-4C8D-9610-4BA5877D1ADA}.Debug|Any CPU.ActiveCfg = Debug|Any CPU
		{5FC16BA4-4B0E-4C8D-9610-4BA5877D1ADA}.Debug|Any CPU.Build.0 = Debug|Any CPU
		{5FC16BA4-4B0E-4C8D-9610-4BA5877D1ADA}.Debug|x64.ActiveCfg = Debug|Any CPU
		{5FC16BA4-4B0E-4C8D-9610-4BA5877D1ADA}.Debug|x64.Build.0 = Debug|Any CPU
		{5FC16BA4-4B0E-4C8D-9610-4BA5877D1ADA}.Debug|x86.ActiveCfg = Debug|Any CPU
		{5FC16BA4-4B0E-4C8D-9610-4BA5877D1ADA}.Debug|x86.Build.0 = Debug|Any CPU
		{5FC16BA4-4B0E-4C8D-9610-4BA5877D1ADA}.Release|Any CPU.ActiveCfg = Release|Any CPU
		{5FC16BA4-4B0E-4C8D-9610-4BA5877D1ADA}.Release|Any CPU.Build.0 = Release|Any CPU
		{5FC16BA4-4B0E-4C8D-9610-4BA5877D1ADA}.Release|x64.ActiveCfg = Release|Any CPU
		{5FC16BA4-4B0E-4C8D-9610-4BA5877D1ADA}.Release|x64.Build.0 = Release|Any CPU
		{5FC16BA4-4B0E-4C8D-9610-4BA5877D1ADA}.Release|x86.ActiveCfg = Release|Any CPU
		{5FC16BA4-4B0E-4C8D-9610-4BA5877D1ADA}.Release|x86.Build.0 = Release|Any CPU
		{AF37D8D6-8FA8-4492-86F2-8A9B5E05B46B}.Debug|Any CPU.ActiveCfg = Debug|Any CPU
		{AF37D8D6-8FA8-4492-86F2-8A9B5E05B46B}.Debug|Any CPU.Build.0 = Debug|Any CPU
		{AF37D8D6-8FA8-4492-86F2-8A9B5E05B46B}.Debug|x64.ActiveCfg = Debug|Any CPU
		{AF37D8D6-8FA8-4492-86F2-8A9B5E05B46B}.Debug|x64.Build.0 = Debug|Any CPU
		{AF37D8D6-8FA8-4492-86F2-8A9B5E05B46B}.Debug|x86.ActiveCfg = Debug|Any CPU
		{AF37D8D6-8FA8-4492-86F2-8A9B5E05B46B}.Debug|x86.Build.0 = Debug|Any CPU
		{AF37D8D6-8FA8-4492-86F2-8A9B5E05B46B}.Release|Any CPU.ActiveCfg = Release|Any CPU
		{AF37D8D6-8FA8-4492-86F2-8A9B5E05B46B}.Release|Any CPU.Build.0 = Release|Any CPU
		{AF37D8D6-8FA8-4492-86F2-8A9B5E05B46B}.Release|x64.ActiveCfg = Release|Any CPU
		{AF37D8D6-8FA8-4492-86F2-8A9B5E05B46B}.Release|x64.Build.0 = Release|Any CPU
		{AF37D8D6-8FA8-4492-86F2-8A9B5E05B46B}.Release|x86.ActiveCfg = Release|Any CPU
		{AF37D8D6-8FA8-4492-86F2-8A9B5E05B46B}.Release|x86.Build.0 = Release|Any CPU
	EndGlobalSection
	GlobalSection(SolutionProperties) = preSolution
		HideSolutionNode = FALSE
	EndGlobalSection
	GlobalSection(NestedProjects) = preSolution
		{0A86E727-0F68-4EE2-AD03-19BC2B34DB03} = {827E0CD3-B72D-47B6-A68D-7590B98EB39B}
		{6B30E20A-1594-4F65-A037-AF02537B5FB9} = {827E0CD3-B72D-47B6-A68D-7590B98EB39B}
		{D74E1D71-CEFD-4B4E-A4E1-860519502838} = {827E0CD3-B72D-47B6-A68D-7590B98EB39B}
		{F5D5EDA2-21E9-4466-9A93-885A5B174BB8} = {827E0CD3-B72D-47B6-A68D-7590B98EB39B}
		{6D24E087-14CD-4761-B212-D0CFC508C66E} = {827E0CD3-B72D-47B6-A68D-7590B98EB39B}
		{A92B804D-F116-413E-A88A-109839B1FDAA} = {827E0CD3-B72D-47B6-A68D-7590B98EB39B}
		{EABF1CBE-A211-4428-B535-F81B7431D7F7} = {827E0CD3-B72D-47B6-A68D-7590B98EB39B}
		{CB5149B8-FD82-4AF0-A8FD-2187C7926248} = {827E0CD3-B72D-47B6-A68D-7590B98EB39B}
		{FB669303-085B-4B56-954A-4EC0A665AFB3} = {827E0CD3-B72D-47B6-A68D-7590B98EB39B}
		{F4D55358-F819-43A5-919E-0630AF71F38A} = {827E0CD3-B72D-47B6-A68D-7590B98EB39B}
		{9F5D1D5D-2262-4468-AFA7-8674997EF8B8} = {827E0CD3-B72D-47B6-A68D-7590B98EB39B}
		{284421FB-75E0-4437-83F2-F0E643015D3B} = {827E0CD3-B72D-47B6-A68D-7590B98EB39B}
		{76A3863B-AB24-4B63-8A27-FFF1CE8B8B55} = {0AB3BF05-4346-4AA6-1389-037BE0695223}
		{9325FE2A-1FC9-4DDA-8736-6A0972BD9C8B} = {0AB3BF05-4346-4AA6-1389-037BE0695223}
		{82D8BDBA-88DD-4BC1-ABB9-C0586FDD793C} = {0AB3BF05-4346-4AA6-1389-037BE0695223}
		{36C9CF3C-A19E-4A97-9A3F-7DB5C09899E4} = {0AB3BF05-4346-4AA6-1389-037BE0695223}
		{5FC16BA4-4B0E-4C8D-9610-4BA5877D1ADA} = {0AB3BF05-4346-4AA6-1389-037BE0695223}
		{AF37D8D6-8FA8-4492-86F2-8A9B5E05B46B} = {0AB3BF05-4346-4AA6-1389-037BE0695223}
	EndGlobalSection
EndGlobal
